
Microsoft Visual Studio Solution File, Format Version 12.00
# Visual Studio Version 16
VisualStudioVersion = 16.0.30114.105
MinimumVisualStudioVersion = 10.0.40219.1
Project("{2150E333-8FDC-42A3-9474-1A3956D46DE8}") = "src", "src", "{84EA0DF2-A826-4D3F-9697-287E14A32278}"
EndProject
Project("{FAE04EC0-301F-11D3-BF4B-00C04F79EFBC}") = "EShopWeb.Shared", "src\EShopWeb.Shared\EShopWeb.Shared.csproj", "{0C35A754-2A00-4B6C-B84A-F23E76CD674B}"
EndProject
Global
	GlobalSection(SolutionConfigurationPlatforms) = preSolution
		Debug|Any CPU = Debug|Any CPU
		Release|Any CPU = Release|Any CPU
	EndGlobalSection
	GlobalSection(SolutionProperties) = preSolution
		HideSolutionNode = FALSE
	EndGlobalSection
	GlobalSection(ProjectConfigurationPlatforms) = postSolution
		{0C35A754-2A00-4B6C-B84A-F23E76CD674B}.Debug|Any CPU.ActiveCfg = Debug|Any CPU
		{0C35A754-2A00-4B6C-B84A-F23E76CD674B}.Debug|Any CPU.Build.0 = Debug|Any CPU
		{0C35A754-2A00-4B6C-B84A-F23E76CD674B}.Release|Any CPU.ActiveCfg = Release|Any CPU
		{0C35A754-2A00-4B6C-B84A-F23E76CD674B}.Release|Any CPU.Build.0 = Release|Any CPU
	EndGlobalSection
	GlobalSection(NestedProjects) = preSolution
		{0C35A754-2A00-4B6C-B84A-F23E76CD674B} = {84EA0DF2-A826-4D3F-9697-287E14A32278}
	EndGlobalSection
EndGlobal
